
Microsoft Visual Studio Solution File, Format Version 12.00
# Visual Studio 14
VisualStudioVersion = 14.0.24720.0
MinimumVisualStudioVersion = 10.0.40219.1
Project("{FAE04EC0-301F-11D3-BF4B-00C04F79EFBC}") = "VmDoom.IRCd", "VmDoom.IRCd\VmDoom.IRCd.csproj", "{9BAF7222-E9EA-462E-AEBC-339EFE094242}"
EndProject
Project("{FAE04EC0-301F-11D3-BF4B-00C04F79EFBC}") = "VmDoom.WebApp", "VmDoom.WebApp\VmDoom.WebApp.csproj", "{320DD6E6-858D-466B-9737-4BF777832FA8}"
EndProject
Project("{2150E333-8FDC-42A3-9474-1A3956D46DE8}") = "SolutionRootFiles", "SolutionRootFiles", "{324BF028-9A6F-4AB7-986F-AA4C647ECD42}"
	ProjectSection(SolutionItems) = preProject
		Readme.md = Readme.md
	EndProjectSection
EndProject
Project("{FAE04EC0-301F-11D3-BF4B-00C04F79EFBC}") = "VmDoom.IRCd.UnitTests", "VmDoom.IRCd.UnitTests\VmDoom.IRCd.UnitTests.csproj", "{CDB539D4-0E25-4957-B5DC-083B5C2F15C3}"
EndProject
Global
	GlobalSection(SolutionConfigurationPlatforms) = preSolution
		Debug|Any CPU = Debug|Any CPU
		Release|Any CPU = Release|Any CPU
	EndGlobalSection
	GlobalSection(ProjectConfigurationPlatforms) = postSolution
		{9BAF7222-E9EA-462E-AEBC-339EFE094242}.Debug|Any CPU.ActiveCfg = Debug|Any CPU
		{9BAF7222-E9EA-462E-AEBC-339EFE094242}.Debug|Any CPU.Build.0 = Debug|Any CPU
		{9BAF7222-E9EA-462E-AEBC-339EFE094242}.Release|Any CPU.ActiveCfg = Release|Any CPU
		{9BAF7222-E9EA-462E-AEBC-339EFE094242}.Release|Any CPU.Build.0 = Release|Any CPU
		{320DD6E6-858D-466B-9737-4BF777832FA8}.Debug|Any CPU.ActiveCfg = Debug|Any CPU
		{320DD6E6-858D-466B-9737-4BF777832FA8}.Debug|Any CPU.Build.0 = Debug|Any CPU
		{320DD6E6-858D-466B-9737-4BF777832FA8}.Release|Any CPU.ActiveCfg = Release|Any CPU
		{320DD6E6-858D-466B-9737-4BF777832FA8}.Release|Any CPU.Build.0 = Release|Any CPU
		{CDB539D4-0E25-4957-B5DC-083B5C2F15C3}.Debug|Any CPU.ActiveCfg = Debug|Any CPU
		{CDB539D4-0E25-4957-B5DC-083B5C2F15C3}.Debug|Any CPU.Build.0 = Debug|Any CPU
		{CDB539D4-0E25-4957-B5DC-083B5C2F15C3}.Release|Any CPU.ActiveCfg = Release|Any CPU
		{CDB539D4-0E25-4957-B5DC-083B5C2F15C3}.Release|Any CPU.Build.0 = Release|Any CPU
	EndGlobalSection
	GlobalSection(SolutionProperties) = preSolution
		HideSolutionNode = FALSE
	EndGlobalSection
EndGlobal
